// !$*UTF8*$!
{
	archiveVersion = 1;
	classes = {
	};
	objectVersion = 77;
	objects = {

/* Begin PBXContainerItemProxy section */
		A8E0D9D62CD3CF4A00A6ABC2 /* PBXContainerItemProxy */ = {
			isa = PBXContainerItemProxy;
			containerPortal = A8E0D9BD2CD3CF4800A6ABC2 /* Project object */;
			proxyType = 1;
			remoteGlobalIDString = A8E0D9C42CD3CF4800A6ABC2;
			remoteInfo = Vibe;
		};
		A8E0D9E02CD3CF4A00A6ABC2 /* PBXContainerItemProxy */ = {
			isa = PBXContainerItemProxy;
			containerPortal = A8E0D9BD2CD3CF4800A6ABC2 /* Project object */;
			proxyType = 1;
			remoteGlobalIDString = A8E0D9C42CD3CF4800A6ABC2;
			remoteInfo = Vibe;
		};
/* End PBXContainerItemProxy section */

/* Begin PBXFileReference section */
		A8E0D9C52CD3CF4800A6ABC2 /* Vibe.app */ = {isa = PBXFileReference; explicitFileType = wrapper.application; includeInIndex = 0; path = Vibe.app; sourceTree = BUILT_PRODUCTS_DIR; };
		A8E0D9D52CD3CF4A00A6ABC2 /* VibeTests.xctest */ = {isa = PBXFileReference; explicitFileType = wrapper.cfbundle; includeInIndex = 0; path = VibeTests.xctest; sourceTree = BUILT_PRODUCTS_DIR; };
		A8E0D9DF2CD3CF4A00A6ABC2 /* VibeUITests.xctest */ = {isa = PBXFileReference; explicitFileType = wrapper.cfbundle; includeInIndex = 0; path = VibeUITests.xctest; sourceTree = BUILT_PRODUCTS_DIR; };
/* End PBXFileReference section */

/* Begin PBXFileSystemSynchronizedRootGroup section */
		A8E0D9C72CD3CF4800A6ABC2 /* Vibe */ = {
			isa = PBXFileSystemSynchronizedRootGroup;
			path = Vibe;
			sourceTree = "<group>";
		};
		A8E0D9D82CD3CF4A00A6ABC2 /* VibeTests */ = {
			isa = PBXFileSystemSynchronizedRootGroup;
			path = VibeTests;
			sourceTree = "<group>";
		};
		A8E0D9E22CD3CF4A00A6ABC2 /* VibeUITests */ = {
			isa = PBXFileSystemSynchronizedRootGroup;
			path = VibeUITests;
			sourceTree = "<group>";
		};
/* End PBXFileSystemSynchronizedRootGroup section */

/* Begin PBXFrameworksBuildPhase section */
		A8E0D9C22CD3CF4800A6ABC2 /* Frameworks */ = {
			isa = PBXFrameworksBuildPhase;
			buildActionMask = 2147483647;
			files = (
			);
			runOnlyForDeploymentPostprocessing = 0;
		};
		A8E0D9D22CD3CF4A00A6ABC2 /* Frameworks */ = {
			isa = PBXFrameworksBuildPhase;
			buildActionMask = 2147483647;
			files = (
			);
			runOnlyForDeploymentPostprocessing = 0;
		};
		A8E0D9DC2CD3CF4A00A6ABC2 /* Frameworks */ = {
			isa = PBXFrameworksBuildPhase;
			buildActionMask = 2147483647;
			files = (
			);
			runOnlyForDeploymentPostprocessing = 0;
		};
/* End PBXFrameworksBuildPhase section */

/* Begin PBXGroup section */
		A8E0D9BC2CD3CF4800A6ABC2 = {
			isa = PBXGroup;
			children = (
				A8E0D9C72CD3CF4800A6ABC2 /* Vibe */,
				A8E0D9D82CD3CF4A00A6ABC2 /* VibeTests */,
				A8E0D9E22CD3CF4A00A6ABC2 /* VibeUITests */,
				A8E0D9C62CD3CF4800A6ABC2 /* Products */,
			);
			sourceTree = "<group>";
		};
		A8E0D9C62CD3CF4800A6ABC2 /* Products */ = {
			isa = PBXGroup;
			children = (
				A8E0D9C52CD3CF4800A6ABC2 /* Vibe.app */,
				A8E0D9D52CD3CF4A00A6ABC2 /* VibeTests.xctest */,
				A8E0D9DF2CD3CF4A00A6ABC2 /* VibeUITests.xctest */,
			);
			name = Products;
			sourceTree = "<group>";
		};
/* End PBXGroup section */

/* Begin PBXNativeTarget section */
		A8E0D9C42CD3CF4800A6ABC2 /* Vibe */ = {
			isa = PBXNativeTarget;
			buildConfigurationList = A8E0D9E92CD3CF4A00A6ABC2 /* Build configuration list for PBXNativeTarget "Vibe" */;
			buildPhases = (
				A8E0D9C12CD3CF4800A6ABC2 /* Sources */,
				A8E0D9C22CD3CF4800A6ABC2 /* Frameworks */,
				A8E0D9C32CD3CF4800A6ABC2 /* Resources */,
			);
			buildRules = (
			);
			dependencies = (
			);
			fileSystemSynchronizedGroups = (
				A8E0D9C72CD3CF4800A6ABC2 /* Vibe */,
			);
			name = Vibe;
			packageProductDependencies = (
			);
			productName = Vibe;
			productReference = A8E0D9C52CD3CF4800A6ABC2 /* Vibe.app */;
			productType = "com.apple.product-type.application";
		};
		A8E0D9D42CD3CF4A00A6ABC2 /* VibeTests */ = {
			isa = PBXNativeTarget;
			buildConfigurationList = A8E0D9EC2CD3CF4A00A6ABC2 /* Build configuration list for PBXNativeTarget "VibeTests" */;
			buildPhases = (
				A8E0D9D12CD3CF4A00A6ABC2 /* Sources */,
				A8E0D9D22CD3CF4A00A6ABC2 /* Frameworks */,
				A8E0D9D32CD3CF4A00A6ABC2 /* Resources */,
			);
			buildRules = (
			);
			dependencies = (
				A8E0D9D72CD3CF4A00A6ABC2 /* PBXTargetDependency */,
			);
			fileSystemSynchronizedGroups = (
				A8E0D9D82CD3CF4A00A6ABC2 /* VibeTests */,
			);
			name = VibeTests;
			packageProductDependencies = (
			);
			productName = VibeTests;
			productReference = A8E0D9D52CD3CF4A00A6ABC2 /* VibeTests.xctest */;
			productType = "com.apple.product-type.bundle.unit-test";
		};
		A8E0D9DE2CD3CF4A00A6ABC2 /* VibeUITests */ = {
			isa = PBXNativeTarget;
			buildConfigurationList = A8E0D9EF2CD3CF4A00A6ABC2 /* Build configuration list for PBXNativeTarget "VibeUITests" */;
			buildPhases = (
				A8E0D9DB2CD3CF4A00A6ABC2 /* Sources */,
				A8E0D9DC2CD3CF4A00A6ABC2 /* Frameworks */,
				A8E0D9DD2CD3CF4A00A6ABC2 /* Resources */,
			);
			buildRules = (
			);
			dependencies = (
				A8E0D9E12CD3CF4A00A6ABC2 /* PBXTargetDependency */,
			);
			fileSystemSynchronizedGroups = (
				A8E0D9E22CD3CF4A00A6ABC2 /* VibeUITests */,
			);
			name = VibeUITests;
			packageProductDependencies = (
			);
			productName = VibeUITests;
			productReference = A8E0D9DF2CD3CF4A00A6ABC2 /* VibeUITests.xctest */;
			productType = "com.apple.product-type.bundle.ui-testing";
		};
/* End PBXNativeTarget section */

/* Begin PBXProject section */
		A8E0D9BD2CD3CF4800A6ABC2 /* Project object */ = {
			isa = PBXProject;
			attributes = {
				BuildIndependentTargetsInParallel = 1;
				LastSwiftUpdateCheck = 1600;
				LastUpgradeCheck = 1600;
				TargetAttributes = {
					A8E0D9C42CD3CF4800A6ABC2 = {
						CreatedOnToolsVersion = 16.0;
					};
					A8E0D9D42CD3CF4A00A6ABC2 = {
						CreatedOnToolsVersion = 16.0;
						TestTargetID = A8E0D9C42CD3CF4800A6ABC2;
					};
					A8E0D9DE2CD3CF4A00A6ABC2 = {
						CreatedOnToolsVersion = 16.0;
						TestTargetID = A8E0D9C42CD3CF4800A6ABC2;
					};
				};
			};
			buildConfigurationList = A8E0D9C02CD3CF4800A6ABC2 /* Build configuration list for PBXProject "Vibe" */;
			developmentRegion = en;
			hasScannedForEncodings = 0;
			knownRegions = (
				en,
				Base,
			);
			mainGroup = A8E0D9BC2CD3CF4800A6ABC2;
			minimizedProjectReferenceProxies = 1;
			preferredProjectObjectVersion = 77;
			productRefGroup = A8E0D9C62CD3CF4800A6ABC2 /* Products */;
			projectDirPath = "";
			projectRoot = "";
			targets = (
				A8E0D9C42CD3CF4800A6ABC2 /* Vibe */,
				A8E0D9D42CD3CF4A00A6ABC2 /* VibeTests */,
				A8E0D9DE2CD3CF4A00A6ABC2 /* VibeUITests */,
			);
		};
/* End PBXProject section */

/* Begin PBXResourcesBuildPhase section */
		A8E0D9C32CD3CF4800A6ABC2 /* Resources */ = {
			isa = PBXResourcesBuildPhase;
			buildActionMask = 2147483647;
			files = (
			);
			runOnlyForDeploymentPostprocessing = 0;
		};
		A8E0D9D32CD3CF4A00A6ABC2 /* Resources */ = {
			isa = PBXResourcesBuildPhase;
			buildActionMask = 2147483647;
			files = (
			);
			runOnlyForDeploymentPostprocessing = 0;
		};
		A8E0D9DD2CD3CF4A00A6ABC2 /* Resources */ = {
			isa = PBXResourcesBuildPhase;
			buildActionMask = 2147483647;
			files = (
			);
			runOnlyForDeploymentPostprocessing = 0;
		};
/* End PBXResourcesBuildPhase section */

/* Begin PBXSourcesBuildPhase section */
		A8E0D9C12CD3CF4800A6ABC2 /* Sources */ = {
			isa = PBXSourcesBuildPhase;
			buildActionMask = 2147483647;
			files = (
			);
			runOnlyForDeploymentPostprocessing = 0;
		};
		A8E0D9D12CD3CF4A00A6ABC2 /* Sources */ = {
			isa = PBXSourcesBuildPhase;
			buildActionMask = 2147483647;
			files = (
			);
			runOnlyForDeploymentPostprocessing = 0;
		};
		A8E0D9DB2CD3CF4A00A6ABC2 /* Sources */ = {
			isa = PBXSourcesBuildPhase;
			buildActionMask = 2147483647;
			files = (
			);
			runOnlyForDeploymentPostprocessing = 0;
		};
/* End PBXSourcesBuildPhase section */

/* Begin PBXTargetDependency section */
		A8E0D9D72CD3CF4A00A6ABC2 /* PBXTargetDependency */ = {
			isa = PBXTargetDependency;
			target = A8E0D9C42CD3CF4800A6ABC2 /* Vibe */;
			targetProxy = A8E0D9D62CD3CF4A00A6ABC2 /* PBXContainerItemProxy */;
		};
		A8E0D9E12CD3CF4A00A6ABC2 /* PBXTargetDependency */ = {
			isa = PBXTargetDependency;
			target = A8E0D9C42CD3CF4800A6ABC2 /* Vibe */;
			targetProxy = A8E0D9E02CD3CF4A00A6ABC2 /* PBXContainerItemProxy */;
		};
/* End PBXTargetDependency section */

/* Begin XCBuildConfiguration section */
		A8E0D9E72CD3CF4A00A6ABC2 /* Debug */ = {
			isa = XCBuildConfiguration;
			buildSettings = {
				ALWAYS_SEARCH_USER_PATHS = NO;
				ASSETCATALOG_COMPILER_GENERATE_SWIFT_ASSET_SYMBOL_EXTENSIONS = YES;
				CLANG_ANALYZER_NONNULL = YES;
				CLANG_ANALYZER_NUMBER_OBJECT_CONVERSION = YES_AGGRESSIVE;
				CLANG_CXX_LANGUAGE_STANDARD = "gnu++20";
				CLANG_ENABLE_MODULES = YES;
				CLANG_ENABLE_OBJC_ARC = YES;
				CLANG_ENABLE_OBJC_WEAK = YES;
				CLANG_WARN_BLOCK_CAPTURE_AUTORELEASING = YES;
				CLANG_WARN_BOOL_CONVERSION = YES;
				CLANG_WARN_COMMA = YES;
				CLANG_WARN_CONSTANT_CONVERSION = YES;
				CLANG_WARN_DEPRECATED_OBJC_IMPLEMENTATIONS = YES;
				CLANG_WARN_DIRECT_OBJC_ISA_USAGE = YES_ERROR;
				CLANG_WARN_DOCUMENTATION_COMMENTS = YES;
				CLANG_WARN_EMPTY_BODY = YES;
				CLANG_WARN_ENUM_CONVERSION = YES;
				CLANG_WARN_INFINITE_RECURSION = YES;
				CLANG_WARN_INT_CONVERSION = YES;
				CLANG_WARN_NON_LITERAL_NULL_CONVERSION = YES;
				CLANG_WARN_OBJC_IMPLICIT_RETAIN_SELF = YES;
				CLANG_WARN_OBJC_LITERAL_CONVERSION = YES;
				CLANG_WARN_OBJC_ROOT_CLASS = YES_ERROR;
				CLANG_WARN_QUOTED_INCLUDE_IN_FRAMEWORK_HEADER = YES;
				CLANG_WARN_RANGE_LOOP_ANALYSIS = YES;
				CLANG_WARN_STRICT_PROTOTYPES = YES;
				CLANG_WARN_SUSPICIOUS_MOVE = YES;
				CLANG_WARN_UNGUARDED_AVAILABILITY = YES_AGGRESSIVE;
				CLANG_WARN_UNREACHABLE_CODE = YES;
				CLANG_WARN__DUPLICATE_METHOD_MATCH = YES;
				COPY_PHASE_STRIP = NO;
				DEBUG_INFORMATION_FORMAT = dwarf;
				ENABLE_STRICT_OBJC_MSGSEND = YES;
				ENABLE_TESTABILITY = YES;
				ENABLE_USER_SCRIPT_SANDBOXING = YES;
				GCC_C_LANGUAGE_STANDARD = gnu17;
				GCC_DYNAMIC_NO_PIC = NO;
				GCC_NO_COMMON_BLOCKS = YES;
				GCC_OPTIMIZATION_LEVEL = 0;
				GCC_PREPROCESSOR_DEFINITIONS = (
					"DEBUG=1",
					"$(inherited)",
				);
				GCC_WARN_64_TO_32_BIT_CONVERSION = YES;
				GCC_WARN_ABOUT_RETURN_TYPE = YES_ERROR;
				GCC_WARN_UNDECLARED_SELECTOR = YES;
				GCC_WARN_UNINITIALIZED_AUTOS = YES_AGGRESSIVE;
				GCC_WARN_UNUSED_FUNCTION = YES;
				GCC_WARN_UNUSED_VARIABLE = YES;
				IPHONEOS_DEPLOYMENT_TARGET = 18.0;
				LOCALIZATION_PREFERS_STRING_CATALOGS = YES;
				MTL_ENABLE_DEBUG_INFO = INCLUDE_SOURCE;
				MTL_FAST_MATH = YES;
				ONLY_ACTIVE_ARCH = YES;
				SDKROOT = iphoneos;
				SWIFT_ACTIVE_COMPILATION_CONDITIONS = "DEBUG $(inherited)";
				SWIFT_OPTIMIZATION_LEVEL = "-Onone";
			};
			name = Debug;
		};
		A8E0D9E82CD3CF4A00A6ABC2 /* Release */ = {
			isa = XCBuildConfiguration;
			buildSettings = {
				ALWAYS_SEARCH_USER_PATHS = NO;
				ASSETCATALOG_COMPILER_GENERATE_SWIFT_ASSET_SYMBOL_EXTENSIONS = YES;
				CLANG_ANALYZER_NONNULL = YES;
				CLANG_ANALYZER_NUMBER_OBJECT_CONVERSION = YES_AGGRESSIVE;
				CLANG_CXX_LANGUAGE_STANDARD = "gnu++20";
				CLANG_ENABLE_MODULES = YES;
				CLANG_ENABLE_OBJC_ARC = YES;
				CLANG_ENABLE_OBJC_WEAK = YES;
				CLANG_WARN_BLOCK_CAPTURE_AUTORELEASING = YES;
				CLANG_WARN_BOOL_CONVERSION = YES;
				CLANG_WARN_COMMA = YES;
				CLANG_WARN_CONSTANT_CONVERSION = YES;
				CLANG_WARN_DEPRECATED_OBJC_IMPLEMENTATIONS = YES;
				CLANG_WARN_DIRECT_OBJC_ISA_USAGE = YES_ERROR;
				CLANG_WARN_DOCUMENTATION_COMMENTS = YES;
				CLANG_WARN_EMPTY_BODY = YES;
				CLANG_WARN_ENUM_CONVERSION = YES;
				CLANG_WARN_INFINITE_RECURSION = YES;
				CLANG_WARN_INT_CONVERSION = YES;
				CLANG_WARN_NON_LITERAL_NULL_CONVERSION = YES;
				CLANG_WARN_OBJC_IMPLICIT_RETAIN_SELF = YES;
				CLANG_WARN_OBJC_LITERAL_CONVERSION = YES;
				CLANG_WARN_OBJC_ROOT_CLASS = YES_ERROR;
				CLANG_WARN_QUOTED_INCLUDE_IN_FRAMEWORK_HEADER = YES;
				CLANG_WARN_RANGE_LOOP_ANALYSIS = YES;
				CLANG_WARN_STRICT_PROTOTYPES = YES;
				CLANG_WARN_SUSPICIOUS_MOVE = YES;
				CLANG_WARN_UNGUARDED_AVAILABILITY = YES_AGGRESSIVE;
				CLANG_WARN_UNREACHABLE_CODE = YES;
				CLANG_WARN__DUPLICATE_METHOD_MATCH = YES;
				COPY_PHASE_STRIP = NO;
				DEBUG_INFORMATION_FORMAT = "dwarf-with-dsym";
				ENABLE_NS_ASSERTIONS = NO;
				ENABLE_STRICT_OBJC_MSGSEND = YES;
				ENABLE_USER_SCRIPT_SANDBOXING = YES;
				GCC_C_LANGUAGE_STANDARD = gnu17;
				GCC_NO_COMMON_BLOCKS = YES;
				GCC_WARN_64_TO_32_BIT_CONVERSION = YES;
				GCC_WARN_ABOUT_RETURN_TYPE = YES_ERROR;
				GCC_WARN_UNDECLARED_SELECTOR = YES;
				GCC_WARN_UNINITIALIZED_AUTOS = YES_AGGRESSIVE;
				GCC_WARN_UNUSED_FUNCTION = YES;
				GCC_WARN_UNUSED_VARIABLE = YES;
				IPHONEOS_DEPLOYMENT_TARGET = 18.0;
				LOCALIZATION_PREFERS_STRING_CATALOGS = YES;
				MTL_ENABLE_DEBUG_INFO = NO;
				MTL_FAST_MATH = YES;
				SDKROOT = iphoneos;
				SWIFT_COMPILATION_MODE = wholemodule;
				VALIDATE_PRODUCT = YES;
			};
			name = Release;
		};
		A8E0D9EA2CD3CF4A00A6ABC2 /* Debug */ = {
			isa = XCBuildConfiguration;
			buildSettings = {
				ASSETCATALOG_COMPILER_APPICON_NAME = AppIcon;
				ASSETCATALOG_COMPILER_GLOBAL_ACCENT_COLOR_NAME = AccentColor;
				CODE_SIGN_STYLE = Automatic;
				CURRENT_PROJECT_VERSION = 1;
				DEVELOPMENT_ASSET_PATHS = "\"Vibe/Preview Content\"";
				ENABLE_PREVIEWS = YES;
				GENERATE_INFOPLIST_FILE = YES;
				INFOPLIST_KEY_UIApplicationSceneManifest_Generation = YES;
				INFOPLIST_KEY_UIApplicationSupportsIndirectInputEvents = YES;
				INFOPLIST_KEY_UILaunchScreen_Generation = YES;
				INFOPLIST_KEY_UISupportedInterfaceOrientations_iPad = "UIInterfaceOrientationPortrait UIInterfaceOrientationPortraitUpsideDown UIInterfaceOrientationLandscapeLeft UIInterfaceOrientationLandscapeRight";
				INFOPLIST_KEY_UISupportedInterfaceOrientations_iPhone = "UIInterfaceOrientationPortrait UIInterfaceOrientationLandscapeLeft UIInterfaceOrientationLandscapeRight";
				LD_RUNPATH_SEARCH_PATHS = (
					"$(inherited)",
					"@executable_path/Frameworks",
				);
				MARKETING_VERSION = 1.0;
				PRODUCT_BUNDLE_IDENTIFIER = HSE.Vibe;
				PRODUCT_NAME = "$(TARGET_NAME)";
				SWIFT_EMIT_LOC_STRINGS = YES;
				SWIFT_VERSION = 5.0;
				TARGETED_DEVICE_FAMILY = "1,2";
			};
			name = Debug;
		};
		A8E0D9EB2CD3CF4A00A6ABC2 /* Release */ = {
			isa = XCBuildConfiguration;
			buildSettings = {
				ASSETCATALOG_COMPILER_APPICON_NAME = AppIcon;
				ASSETCATALOG_COMPILER_GLOBAL_ACCENT_COLOR_NAME = AccentColor;
				CODE_SIGN_STYLE = Automatic;
				CURRENT_PROJECT_VERSION = 1;
				DEVELOPMENT_ASSET_PATHS = "\"Vibe/Preview Content\"";
				ENABLE_PREVIEWS = YES;
				GENERATE_INFOPLIST_FILE = YES;
				INFOPLIST_KEY_UIApplicationSceneManifest_Generation = YES;
				INFOPLIST_KEY_UIApplicationSupportsIndirectInputEvents = YES;
				INFOPLIST_KEY_UILaunchScreen_Generation = YES;
				INFOPLIST_KEY_UISupportedInterfaceOrientations_iPad = "UIInterfaceOrientationPortrait UIInterfaceOrientationPortraitUpsideDown UIInterfaceOrientationLandscapeLeft UIInterfaceOrientationLandscapeRight";
				INFOPLIST_KEY_UISupportedInterfaceOrientations_iPhone = "UIInterfaceOrientationPortrait UIInterfaceOrientationLandscapeLeft UIInterfaceOrientationLandscapeRight";
				LD_RUNPATH_SEARCH_PATHS = (
					"$(inherited)",
					"@executable_path/Frameworks",
				);
				MARKETING_VERSION = 1.0;
				PRODUCT_BUNDLE_IDENTIFIER = HSE.Vibe;
				PRODUCT_NAME = "$(TARGET_NAME)";
				SWIFT_EMIT_LOC_STRINGS = YES;
				SWIFT_VERSION = 5.0;
				TARGETED_DEVICE_FAMILY = "1,2";
			};
			name = Release;
		};
		A8E0D9ED2CD3CF4A00A6ABC2 /* Debug */ = {
			isa = XCBuildConfiguration;
			buildSettings = {
				BUNDLE_LOADER = "$(TEST_HOST)";
				CODE_SIGN_STYLE = Automatic;
				CURRENT_PROJECT_VERSION = 1;
				GENERATE_INFOPLIST_FILE = YES;
				IPHONEOS_DEPLOYMENT_TARGET = 18.0;
				MARKETING_VERSION = 1.0;
				PRODUCT_BUNDLE_IDENTIFIER = HSE.VibeTests;
				PRODUCT_NAME = "$(TARGET_NAME)";
				SWIFT_EMIT_LOC_STRINGS = NO;
				SWIFT_VERSION = 5.0;
				TARGETED_DEVICE_FAMILY = "1,2";
				TEST_HOST = "$(BUILT_PRODUCTS_DIR)/Vibe.app/$(BUNDLE_EXECUTABLE_FOLDER_PATH)/Vibe";
			};
			name = Debug;
		};
		A8E0D9EE2CD3CF4A00A6ABC2 /* Release */ = {
			isa = XCBuildConfiguration;
			buildSettings = {
				BUNDLE_LOADER = "$(TEST_HOST)";
				CODE_SIGN_STYLE = Automatic;
				CURRENT_PROJECT_VERSION = 1;
				GENERATE_INFOPLIST_FILE = YES;
				IPHONEOS_DEPLOYMENT_TARGET = 18.0;
				MARKETING_VERSION = 1.0;
				PRODUCT_BUNDLE_IDENTIFIER = HSE.VibeTests;
				PRODUCT_NAME = "$(TARGET_NAME)";
				SWIFT_EMIT_LOC_STRINGS = NO;
				SWIFT_VERSION = 5.0;
				TARGETED_DEVICE_FAMILY = "1,2";
				TEST_HOST = "$(BUILT_PRODUCTS_DIR)/Vibe.app/$(BUNDLE_EXECUTABLE_FOLDER_PATH)/Vibe";
			};
			name = Release;
		};
		A8E0D9F02CD3CF4A00A6ABC2 /* Debug */ = {
			isa = XCBuildConfiguration;
			buildSettings = {
				CODE_SIGN_STYLE = Automatic;
				CURRENT_PROJECT_VERSION = 1;
				GENERATE_INFOPLIST_FILE = YES;
				MARKETING_VERSION = 1.0;
				PRODUCT_BUNDLE_IDENTIFIER = HSE.VibeUITests;
				PRODUCT_NAME = "$(TARGET_NAME)";
				SWIFT_EMIT_LOC_STRINGS = NO;
				SWIFT_VERSION = 5.0;
				TARGETED_DEVICE_FAMILY = "1,2";
				TEST_TARGET_NAME = Vibe;
			};
			name = Debug;
		};
		A8E0D9F12CD3CF4A00A6ABC2 /* Release */ = {
			isa = XCBuildConfiguration;
			buildSettings = {
				CODE_SIGN_STYLE = Automatic;
				CURRENT_PROJECT_VERSION = 1;
				GENERATE_INFOPLIST_FILE = YES;
				MARKETING_VERSION = 1.0;
				PRODUCT_BUNDLE_IDENTIFIER = HSE.VibeUITests;
				PRODUCT_NAME = "$(TARGET_NAME)";
				SWIFT_EMIT_LOC_STRINGS = NO;
				SWIFT_VERSION = 5.0;
				TARGETED_DEVICE_FAMILY = "1,2";
				TEST_TARGET_NAME = Vibe;
			};
			name = Release;
		};
/* End XCBuildConfiguration section */

/* Begin XCConfigurationList section */
		A8E0D9C02CD3CF4800A6ABC2 /* Build configuration list for PBXProject "Vibe" */ = {
			isa = XCConfigurationList;
			buildConfigurations = (
				A8E0D9E72CD3CF4A00A6ABC2 /* Debug */,
				A8E0D9E82CD3CF4A00A6ABC2 /* Release */,
			);
			defaultConfigurationIsVisible = 0;
			defaultConfigurationName = Release;
		};
		A8E0D9E92CD3CF4A00A6ABC2 /* Build configuration list for PBXNativeTarget "Vibe" */ = {
			isa = XCConfigurationList;
			buildConfigurations = (
				A8E0D9EA2CD3CF4A00A6ABC2 /* Debug */,
				A8E0D9EB2CD3CF4A00A6ABC2 /* Release */,
			);
			defaultConfigurationIsVisible = 0;
			defaultConfigurationName = Release;
		};
		A8E0D9EC2CD3CF4A00A6ABC2 /* Build configuration list for PBXNativeTarget "VibeTests" */ = {
			isa = XCConfigurationList;
			buildConfigurations = (
				A8E0D9ED2CD3CF4A00A6ABC2 /* Debug */,
				A8E0D9EE2CD3CF4A00A6ABC2 /* Release */,
			);
			defaultConfigurationIsVisible = 0;
			defaultConfigurationName = Release;
		};
		A8E0D9EF2CD3CF4A00A6ABC2 /* Build configuration list for PBXNativeTarget "VibeUITests" */ = {
			isa = XCConfigurationList;
			buildConfigurations = (
				A8E0D9F02CD3CF4A00A6ABC2 /* Debug */,
				A8E0D9F12CD3CF4A00A6ABC2 /* Release */,
			);
			defaultConfigurationIsVisible = 0;
			defaultConfigurationName = Release;
		};
/* End XCConfigurationList section */
	};
	rootObject = A8E0D9BD2CD3CF4800A6ABC2 /* Project object */;
}
